
Microsoft Visual Studio Solution File, Format Version 12.00
# Visual Studio 15
Project("{FAE04EC0-301F-11D3-BF4B-00C04F79EFBC}") = "Assembly-CSharp", "Assembly-CSharp.csproj", "{F01B6DEF-D812-F4D4-4EFB-015B65D1A3C5}"
EndProject
Project("{FAE04EC0-301F-11D3-BF4B-00C04F79EFBC}") = "SVGMeshUnity", "SVGMeshUnity.csproj", "{348CAA1B-774A-DDC7-46E3-FD045FEA4E6A}"
EndProject
Global
	GlobalSection(SolutionConfigurationPlatforms) = preSolution
		Debug|Any CPU = Debug|Any CPU
		Release|Any CPU = Release|Any CPU
	EndGlobalSection
	GlobalSection(ProjectConfigurationPlatforms) = postSolution
		{F01B6DEF-D812-F4D4-4EFB-015B65D1A3C5}.Debug|Any CPU.ActiveCfg = Debug|Any CPU
		{F01B6DEF-D812-F4D4-4EFB-015B65D1A3C5}.Debug|Any CPU.Build.0 = Debug|Any CPU
		{F01B6DEF-D812-F4D4-4EFB-015B65D1A3C5}.Release|Any CPU.ActiveCfg = Release|Any CPU
		{F01B6DEF-D812-F4D4-4EFB-015B65D1A3C5}.Release|Any CPU.Build.0 = Release|Any CPU
		{348CAA1B-774A-DDC7-46E3-FD045FEA4E6A}.Debug|Any CPU.ActiveCfg = Debug|Any CPU
		{348CAA1B-774A-DDC7-46E3-FD045FEA4E6A}.Debug|Any CPU.Build.0 = Debug|Any CPU
		{348CAA1B-774A-DDC7-46E3-FD045FEA4E6A}.Release|Any CPU.ActiveCfg = Release|Any CPU
		{348CAA1B-774A-DDC7-46E3-FD045FEA4E6A}.Release|Any CPU.Build.0 = Release|Any CPU
	EndGlobalSection
	GlobalSection(SolutionProperties) = preSolution
		HideSolutionNode = FALSE
	EndGlobalSection
EndGlobal
